PODS:
  - Flutter (1.0.0)
  - flutter_trust_wallet_core (0.0.1):
    - Flutter
  - MMKV (2.1.0):
    - MMKVCore (~> 2.1.0)
  - mmkv_ios (2.1.0):
    - Flutter
    - MMKV (< 2.2, >= 2.1.0)
  - MMKVCore (2.1.1)
  - path_provider_foundation (0.0.1):
    - Flutter
    - FlutterMacOS
  - realm (20.0.1):
    - Flutter

DEPENDENCIES:
  - Flutter (from `Flutter`)
  - flutter_trust_wallet_core (from `.symlinks/plugins/flutter_trust_wallet_core/ios`)
  - mmkv_ios (from `.symlinks/plugins/mmkv_ios/ios`)
  - path_provider_foundation (from `.symlinks/plugins/path_provider_foundation/darwin`)
  - realm (from `.symlinks/plugins/realm/ios`)

SPEC REPOS:
  trunk:
    - MMKV
    - MMKVCore

EXTERNAL SOURCES:
  Flutter:
    :path: Flutter
  flutter_trust_wallet_core:
    :path: ".symlinks/plugins/flutter_trust_wallet_core/ios"
  mmkv_ios:
    :path: ".symlinks/plugins/mmkv_ios/ios"
  path_provider_foundation:
    :path: ".symlinks/plugins/path_provider_foundation/darwin"
  realm:
    :path: ".symlinks/plugins/realm/ios"

SPEC CHECKSUMS:
  Flutter: e0871f40cf51350855a761d2e70bf5af5b9b5de7
  flutter_trust_wallet_core: d9be3fe423f1851f660eff4cda7feed0b7890600
  MMKV: ce484c1ac40bf76d5f09a0195d2ec5b3d3840d55
  mmkv_ios: d0e1c7aae5feba9ca6d097cced432f0adf991a5f
  MMKVCore: 1eb661c6c498ab88e3df9ce5d8ff94d05fcc0567
  path_provider_foundation: 080d55be775b7414fd5a5ef3ac137b97b097e564
  realm: 96335c550d951a76c8d56b7553c396112269994f

PODFILE CHECKSUM: 251cb053df7158f337c0712f2ab29f4e0fa474ce

COCOAPODS: 1.16.2
